
Microsoft Visual Studio Solution File, Format Version 12.00
# Visual Studio Version 17
VisualStudioVersion = 17.0.32126.317
MinimumVisualStudioVersion = 10.0.40219.1
Project("{8BC9CEB8-8B4A-11D0-8D11-00A0C91BC942}") = "K0", "K0\K0.vcxproj", "{450570AA-E0BD-4E48-97B3-716B10362CA2}"
	ProjectSection(ProjectDependencies) = postProject
		{534AEB2A-25E9-460C-955C-67DCD81A9E37} = {534AEB2A-25E9-460C-955C-67DCD81A9E37}
	EndProjectSection
EndProject
Project("{8BC9CEB8-8B4A-11D0-8D11-00A0C91BC942}") = "K0E", "K0E\K0E.vcxproj", "{534AEB2A-25E9-460C-955C-67DCD81A9E37}"
	ProjectSection(ProjectDependencies) = postProject
		{1C598F34-5861-4266-B420-A0D2EA33F204} = {1C598F34-5861-4266-B420-A0D2EA33F204}
		{31DC757A-CA43-42E0-A86E-CDE3C4081E41} = {31DC757A-CA43-42E0-A86E-CDE3C4081E41}
		{6CE1345D-6BFC-45AA-9F69-640572AA1905} = {6CE1345D-6BFC-45AA-9F69-640572AA1905}
		{DE0E8883-F1A1-4464-98D2-A2A0F6D40CF5} = {DE0E8883-F1A1-4464-98D2-A2A0F6D40CF5}
		{DE40E6E9-5D70-4703-8373-AC26BBA2A9DC} = {DE40E6E9-5D70-4703-8373-AC26BBA2A9DC}
	EndProjectSection
EndProject
Project("{8BC9CEB8-8B4A-11D0-8D11-00A0C91BC942}") = "K0E.Window", "K0E.Window\K0E.Window.vcxproj", "{1C598F34-5861-4266-B420-A0D2EA33F204}"
	ProjectSection(ProjectDependencies) = postProject
		{0671C294-38F9-43CD-BD3E-F184D12B2CB8} = {0671C294-38F9-43CD-BD3E-F184D12B2CB8}
		{733F4D73-2F07-48E1-A6B1-5A50ED5CB49C} = {733F4D73-2F07-48E1-A6B1-5A50ED5CB49C}
		{A0932E8D-CC29-418F-8D9F-93F2B7F0E058} = {A0932E8D-CC29-418F-8D9F-93F2B7F0E058}
		{C36B5D99-4AE6-48B0-8045-B2CB1DE5A265} = {C36B5D99-4AE6-48B0-8045-B2CB1DE5A265}
		{C406DAEC-0886-4771-8DEA-9D7329B46CC1} = {C406DAEC-0886-4771-8DEA-9D7329B46CC1}
		{DE0E8883-F1A1-4464-98D2-A2A0F6D40CF5} = {DE0E8883-F1A1-4464-98D2-A2A0F6D40CF5}
	EndProjectSection
EndProject
Project("{8BC9CEB8-8B4A-11D0-8D11-00A0C91BC942}") = "K0E.XMLParser", "K0E.XMLParser\K0E.XMLParser.vcxproj", "{DE0E8883-F1A1-4464-98D2-A2A0F6D40CF5}"
	ProjectSection(ProjectDependencies) = postProject
		{07A72595-F4A4-4CBE-9CED-CFD82AEFC8EC} = {07A72595-F4A4-4CBE-9CED-CFD82AEFC8EC}
		{6CE1345D-6BFC-45AA-9F69-640572AA1905} = {6CE1345D-6BFC-45AA-9F69-640572AA1905}
		{C406DAEC-0886-4771-8DEA-9D7329B46CC1} = {C406DAEC-0886-4771-8DEA-9D7329B46CC1}
	EndProjectSection
EndProject
Project("{8BC9CEB8-8B4A-11D0-8D11-00A0C91BC942}") = "K0E.Map", "K0E.Map\K0E.Map.vcxproj", "{733F4D73-2F07-48E1-A6B1-5A50ED5CB49C}"
EndProject
Project("{8BC9CEB8-8B4A-11D0-8D11-00A0C91BC942}") = "K0E.Game", "K0E.Game\K0E.Game.vcxproj", "{0671C294-38F9-43CD-BD3E-F184D12B2CB8}"
	ProjectSection(ProjectDependencies) = postProject
		{733F4D73-2F07-48E1-A6B1-5A50ED5CB49C} = {733F4D73-2F07-48E1-A6B1-5A50ED5CB49C}
		{C406DAEC-0886-4771-8DEA-9D7329B46CC1} = {C406DAEC-0886-4771-8DEA-9D7329B46CC1}
		{DE0E8883-F1A1-4464-98D2-A2A0F6D40CF5} = {DE0E8883-F1A1-4464-98D2-A2A0F6D40CF5}
	EndProjectSection
EndProject
Project("{8BC9CEB8-8B4A-11D0-8D11-00A0C91BC942}") = "K0E.Language", "K0E.Language\K0E.Language.vcxproj", "{6CE1345D-6BFC-45AA-9F69-640572AA1905}"
	ProjectSection(ProjectDependencies) = postProject
		{07A72595-F4A4-4CBE-9CED-CFD82AEFC8EC} = {07A72595-F4A4-4CBE-9CED-CFD82AEFC8EC}
	EndProjectSection
EndProject
Project("{8BC9CEB8-8B4A-11D0-8D11-00A0C91BC942}") = "K0E.File", "K0E.File\K0E.File.vcxproj", "{07A72595-F4A4-4CBE-9CED-CFD82AEFC8EC}"
EndProject
Project("{8BC9CEB8-8B4A-11D0-8D11-00A0C91BC942}") = "K0E.Audio", "K0E.Audio\K0E.Audio.vcxproj", "{A0932E8D-CC29-418F-8D9F-93F2B7F0E058}"
	ProjectSection(ProjectDependencies) = postProject
		{C406DAEC-0886-4771-8DEA-9D7329B46CC1} = {C406DAEC-0886-4771-8DEA-9D7329B46CC1}
		{DE0E8883-F1A1-4464-98D2-A2A0F6D40CF5} = {DE0E8883-F1A1-4464-98D2-A2A0F6D40CF5}
	EndProjectSection
EndProject
Project("{8BC9CEB8-8B4A-11D0-8D11-00A0C91BC942}") = "K0E.SteamAPI", "K0E.SteamAPI\K0E.SteamAPI.vcxproj", "{31DC757A-CA43-42E0-A86E-CDE3C4081E41}"
	ProjectSection(ProjectDependencies) = postProject
		{DE40E6E9-5D70-4703-8373-AC26BBA2A9DC} = {DE40E6E9-5D70-4703-8373-AC26BBA2A9DC}
	EndProjectSection
EndProject
Project("{8BC9CEB8-8B4A-11D0-8D11-00A0C91BC942}") = "K0E.Console", "K0E.Console\K0E.Console.vcxproj", "{DE40E6E9-5D70-4703-8373-AC26BBA2A9DC}"
EndProject
Project("{8BC9CEB8-8B4A-11D0-8D11-00A0C91BC942}") = "K0E.XML", "tinyxml\tinyxml_lib.vcxproj", "{C406DAEC-0886-4771-8DEA-9D7329B46CC1}"
EndProject
Project("{8BC9CEB8-8B4A-11D0-8D11-00A0C91BC942}") = "K0E.Network", "K0E.Network\K0E.Network.vcxproj", "{C36B5D99-4AE6-48B0-8045-B2CB1DE5A265}"
EndProject
Global
	GlobalSection(SolutionConfigurationPlatforms) = preSolution
		Release|x86 = Release|x86
	EndGlobalSection
	GlobalSection(ProjectConfigurationPlatforms) = postSolution
		{450570AA-E0BD-4E48-97B3-716B10362CA2}.Release|x86.ActiveCfg = Release|Win32
		{450570AA-E0BD-4E48-97B3-716B10362CA2}.Release|x86.Build.0 = Release|Win32
		{534AEB2A-25E9-460C-955C-67DCD81A9E37}.Release|x86.ActiveCfg = Release|Win32
		{534AEB2A-25E9-460C-955C-67DCD81A9E37}.Release|x86.Build.0 = Release|Win32
		{1C598F34-5861-4266-B420-A0D2EA33F204}.Release|x86.ActiveCfg = Release|Win32
		{1C598F34-5861-4266-B420-A0D2EA33F204}.Release|x86.Build.0 = Release|Win32
		{DE0E8883-F1A1-4464-98D2-A2A0F6D40CF5}.Release|x86.ActiveCfg = Release|Win32
		{DE0E8883-F1A1-4464-98D2-A2A0F6D40CF5}.Release|x86.Build.0 = Release|Win32
		{733F4D73-2F07-48E1-A6B1-5A50ED5CB49C}.Release|x86.ActiveCfg = Release|Win32
		{733F4D73-2F07-48E1-A6B1-5A50ED5CB49C}.Release|x86.Build.0 = Release|Win32
		{0671C294-38F9-43CD-BD3E-F184D12B2CB8}.Release|x86.ActiveCfg = Release|Win32
		{0671C294-38F9-43CD-BD3E-F184D12B2CB8}.Release|x86.Build.0 = Release|Win32
		{6CE1345D-6BFC-45AA-9F69-640572AA1905}.Release|x86.ActiveCfg = Release|Win32
		{6CE1345D-6BFC-45AA-9F69-640572AA1905}.Release|x86.Build.0 = Release|Win32
		{07A72595-F4A4-4CBE-9CED-CFD82AEFC8EC}.Release|x86.ActiveCfg = Release|Win32
		{07A72595-F4A4-4CBE-9CED-CFD82AEFC8EC}.Release|x86.Build.0 = Release|Win32
		{A0932E8D-CC29-418F-8D9F-93F2B7F0E058}.Release|x86.ActiveCfg = Release|Win32
		{A0932E8D-CC29-418F-8D9F-93F2B7F0E058}.Release|x86.Build.0 = Release|Win32
		{31DC757A-CA43-42E0-A86E-CDE3C4081E41}.Release|x86.ActiveCfg = Release|Win32
		{31DC757A-CA43-42E0-A86E-CDE3C4081E41}.Release|x86.Build.0 = Release|Win32
		{DE40E6E9-5D70-4703-8373-AC26BBA2A9DC}.Release|x86.ActiveCfg = Release|Win32
		{DE40E6E9-5D70-4703-8373-AC26BBA2A9DC}.Release|x86.Build.0 = Release|Win32
		{C406DAEC-0886-4771-8DEA-9D7329B46CC1}.Release|x86.ActiveCfg = Release|Win32
		{C406DAEC-0886-4771-8DEA-9D7329B46CC1}.Release|x86.Build.0 = Release|Win32
		{C36B5D99-4AE6-48B0-8045-B2CB1DE5A265}.Release|x86.ActiveCfg = Release|Win32
		{C36B5D99-4AE6-48B0-8045-B2CB1DE5A265}.Release|x86.Build.0 = Release|Win32
	EndGlobalSection
	GlobalSection(SolutionProperties) = preSolution
		HideSolutionNode = FALSE
	EndGlobalSection
	GlobalSection(ExtensibilityGlobals) = postSolution
		SolutionGuid = {638AB563-EBD5-4D20-B645-C48A06D8ABE0}
	EndGlobalSection
EndGlobal
